
Microsoft Visual Studio Solution File, Format Version 12.00
# Visual Studio 2017
Project("{FAE04EC0-301F-11D3-BF4B-00C04F79EFBC}") = "Prop Manipulation", "Prop Manipulation.csproj", "{F120CA90-E683-2D0A-1323-D6C2F67D3284}"
EndProject
Global
	GlobalSection(SolutionConfigurationPlatforms) = preSolution
		Debug|Any CPU = Debug|Any CPU
		Release|Any CPU = Release|Any CPU
	EndGlobalSection
	GlobalSection(ProjectConfigurationPlatforms) = postSolution
		{F120CA90-E683-2D0A-1323-D6C2F67D3284}.Debug|Any CPU.ActiveCfg = Debug|Any CPU
		{F120CA90-E683-2D0A-1323-D6C2F67D3284}.Debug|Any CPU.Build.0 = Debug|Any CPU
		{F120CA90-E683-2D0A-1323-D6C2F67D3284}.Release|Any CPU.ActiveCfg = Release|Any CPU
		{F120CA90-E683-2D0A-1323-D6C2F67D3284}.Release|Any CPU.Build.0 = Release|Any CPU
	EndGlobalSection
	GlobalSection(SolutionProperties) = preSolution
		HideSolutionNode = FALSE
	EndGlobalSection
EndGlobal
